version = 1
requires-python = ">=3.13"

[[package]]
name = "advent-of-code"
version = "0.1.0"
source = { virtual = "." }
dependencies = [
    { name = "aocd" },
    { name = "parse" },
]

[package.metadata]
requires-dist = [
    { name = "aocd", specifier = ">=0.1" },
    { name = "parse", specifier = ">=1.20.2" },
]

[[package]]
name = "advent-of-code-data"
version = "2.0.4"
source = { registry = "https://pypi.org/simple" }
dependencies = [
    { name = "aocd-example-parser" },
    { name = "beautifulsoup4" },
    { name = "pebble" },
    { name = "tzdata", marker = "platform_system == 'Windows'" },
    { name = "urllib3" },
]
sdist = { url = "https://files.pythonhosted.org/packages/aa/05/bf8b2cf081ad28b31b1ba03f9252ac761e88e55dd27a1378d169ef437402/advent_of_code_data-2.0.4.tar.gz", hash = "sha256:d345dd14e4a123992297d5a22b364d161d4458def9ffb9481797f7aabf138ced", size = 47000 }
wheels = [
    { url = "https://files.pythonhosted.org/packages/bf/5f/a9dbeba1e52aee3be263184ca2de9f2fdf1fd8419cb228245f08930618a1/advent_of_code_data-2.0.4-py3-none-any.whl", hash = "sha256:e3abc993ddc8436fae693b212b4b66b399b42b3c4d8b588c025e5b421c307b3d", size = 38888 },
]

[[package]]
name = "aocd"
version = "0.1"
source = { registry = "https://pypi.org/simple" }
dependencies = [
    { name = "advent-of-code-data" },
]
wheels = [
    { url = "https://files.pythonhosted.org/packages/fe/b3/8020f9e94251acd7017c3f02d214170ce1158b03e7a1442adba92af0ba42/aocd-0.1-py2.py3-none-any.whl", hash = "sha256:daf2f8f9b0d96dc7a569987c12889d482c4213cd336c79ebb9d9ea23803f8871", size = 1282 },
]

[[package]]
name = "aocd-example-parser"
version = "2023.12.20"
source = { registry = "https://pypi.org/simple" }
sdist = { url = "https://files.pythonhosted.org/packages/b9/1e/25ef659cacd321177d54238b3d4035fda044fa8b2f73e367455eac040802/aocd_example_parser-2023.12.20.tar.gz", hash = "sha256:753d336986dd0ebf00ee91a2e36ba5f51faece3bbcea8827b11d6c57435c7407", size = 14179 }
wheels = [
    { url = "https://files.pythonhosted.org/packages/4e/a5/716c50f2fdedc5916060cd48acf9045c0d13f2c8d3f7fccbc2fdbe3cda01/aocd_example_parser-2023.12.20-py3-none-any.whl", hash = "sha256:5244f01a54c4e18e69d53389410444ea8fde50b27a59101d968631ee078dd9c9", size = 12605 },
]

[[package]]
name = "beautifulsoup4"
version = "4.12.3"
source = { registry = "https://pypi.org/simple" }
dependencies = [
    { name = "soupsieve" },
]
sdist = { url = "https://files.pythonhosted.org/packages/b3/ca/824b1195773ce6166d388573fc106ce56d4a805bd7427b624e063596ec58/beautifulsoup4-4.12.3.tar.gz", hash = "sha256:74e3d1928edc070d21748185c46e3fb33490f22f52a3addee9aee0f4f7781051", size = 581181 }
wheels = [
    { url = "https://files.pythonhosted.org/packages/b1/fe/e8c672695b37eecc5cbf43e1d0638d88d66ba3a44c4d321c796f4e59167f/beautifulsoup4-4.12.3-py3-none-any.whl", hash = "sha256:b80878c9f40111313e55da8ba20bdba06d8fa3969fc68304167741bbf9e082ed", size = 147925 },
]

[[package]]
name = "parse"
version = "1.20.2"
source = { registry = "https://pypi.org/simple" }
sdist = { url = "https://files.pythonhosted.org/packages/4f/78/d9b09ba24bb36ef8b83b71be547e118d46214735b6dfb39e4bfde0e9b9dd/parse-1.20.2.tar.gz", hash = "sha256:b41d604d16503c79d81af5165155c0b20f6c8d6c559efa66b4b695c3e5a0a0ce", size = 29391 }
wheels = [
    { url = "https://files.pythonhosted.org/packages/d0/31/ba45bf0b2aa7898d81cbbfac0e88c267befb59ad91a19e36e1bc5578ddb1/parse-1.20.2-py2.py3-none-any.whl", hash = "sha256:967095588cb802add9177d0c0b6133b5ba33b1ea9007ca800e526f42a85af558", size = 20126 },
]

[[package]]
name = "pebble"
version = "5.1.0"
source = { registry = "https://pypi.org/simple" }
sdist = { url = "https://files.pythonhosted.org/packages/c6/b2/a83f1d951977e6392efdb21f4a901a3fd920b992450de9a464e59241d2ed/Pebble-5.1.0.tar.gz", hash = "sha256:5c30376f1827b21ecec4126ff90e7f22ad5501cac1ff2b32c86ff2601681f932", size = 35060 }
wheels = [
    { url = "https://files.pythonhosted.org/packages/31/69/0fa75151350a9d7b848bfde929673ad505346940ae2713f862647394f0f7/Pebble-5.1.0-py3-none-any.whl", hash = "sha256:530a398299ecd3a4ed1baf2e4b8045d8280b1e665560b0b409f8d8e58db60111", size = 36177 },
]

[[package]]
name = "soupsieve"
version = "2.6"
source = { registry = "https://pypi.org/simple" }
sdist = { url = "https://files.pythonhosted.org/packages/d7/ce/fbaeed4f9fb8b2daa961f90591662df6a86c1abf25c548329a86920aedfb/soupsieve-2.6.tar.gz", hash = "sha256:e2e68417777af359ec65daac1057404a3c8a5455bb8abc36f1a9866ab1a51abb", size = 101569 }
wheels = [
    { url = "https://files.pythonhosted.org/packages/d1/c2/fe97d779f3ef3b15f05c94a2f1e3d21732574ed441687474db9d342a7315/soupsieve-2.6-py3-none-any.whl", hash = "sha256:e72c4ff06e4fb6e4b5a9f0f55fe6e81514581fca1515028625d0f299c602ccc9", size = 36186 },
]

[[package]]
name = "tzdata"
version = "2024.2"
source = { registry = "https://pypi.org/simple" }
sdist = { url = "https://files.pythonhosted.org/packages/e1/34/943888654477a574a86a98e9896bae89c7aa15078ec29f490fef2f1e5384/tzdata-2024.2.tar.gz", hash = "sha256:7d85cc416e9382e69095b7bdf4afd9e3880418a2413feec7069d533d6b4e31cc", size = 193282 }
wheels = [
    { url = "https://files.pythonhosted.org/packages/a6/ab/7e5f53c3b9d14972843a647d8d7a853969a58aecc7559cb3267302c94774/tzdata-2024.2-py2.py3-none-any.whl", hash = "sha256:a48093786cdcde33cad18c2555e8532f34422074448fbc874186f0abd79565cd", size = 346586 },
]

[[package]]
name = "urllib3"
version = "2.2.3"
source = { registry = "https://pypi.org/simple" }
sdist = { url = "https://files.pythonhosted.org/packages/ed/63/22ba4ebfe7430b76388e7cd448d5478814d3032121827c12a2cc287e2260/urllib3-2.2.3.tar.gz", hash = "sha256:e7d814a81dad81e6caf2ec9fdedb284ecc9c73076b62654547cc64ccdcae26e9", size = 300677 }
wheels = [
    { url = "https://files.pythonhosted.org/packages/ce/d9/5f4c13cecde62396b0d3fe530a50ccea91e7dfc1ccf0e09c228841bb5ba8/urllib3-2.2.3-py3-none-any.whl", hash = "sha256:ca899ca043dcb1bafa3e262d73aa25c465bfb49e0bd9dd5d59f1d0acba2f8fac", size = 126338 },
]
